
Microsoft Visual Studio Solution File, Format Version 12.00
# Visual Studio Version 17
VisualStudioVersion = 17.5.33516.290
MinimumVisualStudioVersion = 10.0.40219.1
Project("{FAE04EC0-301F-11D3-BF4B-00C04F79EFBC}") = "poo-02", "poo-02\poo-02.csproj", "{7F630210-0798-4602-92A2-80FB8CD349F9}"
EndProject
Global
	GlobalSection(SolutionConfigurationPlatforms) = preSolution
		Debug|Any CPU = Debug|Any CPU
		Release|Any CPU = Release|Any CPU
	EndGlobalSection
	GlobalSection(ProjectConfigurationPlatforms) = postSolution
		{7F630210-0798-4602-92A2-80FB8CD349F9}.Debug|Any CPU.ActiveCfg = Debug|Any CPU
		{7F630210-0798-4602-92A2-80FB8CD349F9}.Debug|Any CPU.Build.0 = Debug|Any CPU
		{7F630210-0798-4602-92A2-80FB8CD349F9}.Release|Any CPU.ActiveCfg = Release|Any CPU
		{7F630210-0798-4602-92A2-80FB8CD349F9}.Release|Any CPU.Build.0 = Release|Any CPU
	EndGlobalSection
	GlobalSection(SolutionProperties) = preSolution
		HideSolutionNode = FALSE
	EndGlobalSection
	GlobalSection(ExtensibilityGlobals) = postSolution
		SolutionGuid = {31A87D13-52F9-45AA-814D-69087B68B7C7}
	EndGlobalSection
EndGlobal
